
Microsoft Visual Studio Solution File, Format Version 12.00
# Visual Studio 2013
VisualStudioVersion = 12.0.21005.1
MinimumVisualStudioVersion = 10.0.40219.1
Project("{FAE04EC0-301F-11D3-BF4B-00C04F79EFBC}") = "GstudentData", "GstudentData\GstudentData.csproj", "{6DAEEF17-E459-4F36-84A7-08CEB1E2EB0F}"
EndProject
Project("{F088123C-0E9E-452A-89E6-6BA2F21D5CAC}") = "ModelingProject1", "ModelingProject1\ModelingProject1.modelproj", "{AE868D7E-61DC-45D7-8FEA-82428B377E84}"
EndProject
Global
	GlobalSection(SolutionConfigurationPlatforms) = preSolution
		Debug|Any CPU = Debug|Any CPU
		Release|Any CPU = Release|Any CPU
	EndGlobalSection
	GlobalSection(ProjectConfigurationPlatforms) = postSolution
		{6DAEEF17-E459-4F36-84A7-08CEB1E2EB0F}.Debug|Any CPU.ActiveCfg = Debug|Any CPU
		{6DAEEF17-E459-4F36-84A7-08CEB1E2EB0F}.Debug|Any CPU.Build.0 = Debug|Any CPU
		{6DAEEF17-E459-4F36-84A7-08CEB1E2EB0F}.Release|Any CPU.ActiveCfg = Release|Any CPU
		{6DAEEF17-E459-4F36-84A7-08CEB1E2EB0F}.Release|Any CPU.Build.0 = Release|Any CPU
		{AE868D7E-61DC-45D7-8FEA-82428B377E84}.Debug|Any CPU.ActiveCfg = Debug|Any CPU
		{AE868D7E-61DC-45D7-8FEA-82428B377E84}.Debug|Any CPU.Build.0 = Debug|Any CPU
		{AE868D7E-61DC-45D7-8FEA-82428B377E84}.Release|Any CPU.ActiveCfg = Release|Any CPU
		{AE868D7E-61DC-45D7-8FEA-82428B377E84}.Release|Any CPU.Build.0 = Release|Any CPU
	EndGlobalSection
	GlobalSection(SolutionProperties) = preSolution
		HideSolutionNode = FALSE
	EndGlobalSection
EndGlobal
